{
  "name": "teo-etag-extension",
  "version": "1.0.0",
  "lockfileVersion": 1,
  "dependencies": {
    "etag": {
      "version": "1.8.0",
      "resolved": "https://registry.npmjs.org/etag/-/etag-1.8.0.tgz",
      "integrity": "sha1-b2Ma7zNtbEY2K1F2QETOIWvjwFE="
    },
    "fresh": {
      "version": "0.5.0",
      "resolved": "https://registry.npmjs.org/fresh/-/fresh-0.5.0.tgz",
      "integrity": "sha1-9HTKXmqSRtb9jglTz6m5yAWvp44="
    },
    "jumanji": {
      "version": "0.1.1",
      "resolved": "https://registry.npmjs.org/jumanji/-/jumanji-0.1.1.tgz",
      "integrity": "sha1-zxyx0zPp0L70GE9FkdHgOpshJ+I="
    },
    "lru-cache": {
      "version": "2.2.4",
      "resolved": "https://registry.npmjs.org/lru-cache/-/lru-cache-2.2.4.tgz",
      "integrity": "sha1-bGWGGb7PFAMdDQtZSxYELOTcBj0="
    },
    "os-tmpdir": {
      "version": "1.0.2",
      "resolved": "https://registry.npmjs.org/os-tmpdir/-/os-tmpdir-1.0.2.tgz",
      "integrity": "sha1-u+Z0BseaqFxc/sdm/lc0VV36EnQ="
    },
    "tmp": {
      "version": "0.0.31",
      "resolved": "https://registry.npmjs.org/tmp/-/tmp-0.0.31.tgz",
      "integrity": "sha1-jzirlDjhcxXl29izZX6L+yd65Kc="
    },
    "useragent": {
      "version": "2.1.13",
      "resolved": "https://registry.npmjs.org/useragent/-/useragent-2.1.13.tgz",
      "integrity": "sha1-u6Q+iqJNXOuDwpN0c+EC4h33TBA="
    }
  }
}
